
Microsoft Visual Studio Solution File, Format Version 12.00
# Visual Studio Version 17
VisualStudioVersion = 17.14.36414.22
MinimumVisualStudioVersion = 10.0.40219.1
Project("{2150E333-8FDC-42A3-9474-1A3956D46DE8}") = "Task0", "Task0", "{02EA681E-C7D8-13C7-8484-4AC65E1B71E8}"
EndProject
Project("{FAE04EC0-301F-11D3-BF4B-00C04F79EFBC}") = "Tyuiu.BocharovaES.Sprint1.Task0.V18", "Tyuiu.BocharovaES.Sprint1.Task0.V18\Tyuiu.BocharovaES.Sprint1.Task0.V18.csproj", "{52B04307-969D-496F-8DD2-6696D6031F93}"
EndProject
Project("{FAE04EC0-301F-11D3-BF4B-00C04F79EFBC}") = "Tyuiu.BocharovaES.Sprint1.Task0.V18.Lib", "Tyuiu.BocharovaES.Sprint1.Task0.V18.Lib\Tyuiu.BocharovaES.Sprint1.Task0.V18.Lib.csproj", "{26EE675E-8177-4829-8D3F-566C9EE6B2DC}"
EndProject
Project("{FAE04EC0-301F-11D3-BF4B-00C04F79EFBC}") = "Tyuiu.BocharovaES.Sprint1.Task0.V18.Test", "Tyuiu.BocharovaES.Sprint1.Task0.V18.Test\Tyuiu.BocharovaES.Sprint1.Task0.V18.Test.csproj", "{C1E22499-75FE-47AB-85B3-E0268B0D3AC4}"
EndProject
Project("{2150E333-8FDC-42A3-9474-1A3956D46DE8}") = "Task1", "Task1", "{35B95423-5F63-4FE4-820C-9ABD699657EC}"
EndProject
Project("{FAE04EC0-301F-11D3-BF4B-00C04F79EFBC}") = "Tyuiu.BocharovaES.Sprint1.Task1.V29", "Tyuiu.BocharovaES.Sprint1.Task1.V29\Tyuiu.BocharovaES.Sprint1.Task1.V29.csproj", "{5A4FE30B-9262-47D9-80DF-1AEBF09E295F}"
EndProject
Project("{FAE04EC0-301F-11D3-BF4B-00C04F79EFBC}") = "Tyuiu.BocharovaES.Sprint1.Task1.V29.Lib", "Tyuiu.BocharovaES.Sprint1.Task1.V29.Lib\Tyuiu.BocharovaES.Sprint1.Task1.V29.Lib.csproj", "{0C0FC69E-1459-4D4E-80FF-F5C15C3D4156}"
EndProject
Project("{FAE04EC0-301F-11D3-BF4B-00C04F79EFBC}") = "Tyuiu.BocharovaES.Sprint1.Task1.V29.Test", "Tyuiu.BocharovaES.Sprint1.Task1.V29.Test\Tyuiu.BocharovaES.Sprint1.Task1.V29.Test.csproj", "{EBBB3DAB-EEC5-484D-B111-60A5DB770201}"
EndProject
Project("{2150E333-8FDC-42A3-9474-1A3956D46DE8}") = "Task2", "Task2", "{83D8B7ED-4240-4996-BAF1-06C78D0F7607}"
EndProject
Project("{FAE04EC0-301F-11D3-BF4B-00C04F79EFBC}") = "Tyuiu.BocharovaES.Sprint1.Task2.V9", "Tyuiu.BocharovaES.Sprint1.Task2.V9\Tyuiu.BocharovaES.Sprint1.Task2.V9.csproj", "{DF43D390-F4BA-446D-ADAB-04A224116670}"
EndProject
Project("{FAE04EC0-301F-11D3-BF4B-00C04F79EFBC}") = "Tyuiu.BocharovaES.Sprint1.Task2.V9.Lib", "Tyuiu.BocharovaES.Sprint1.Task2.V9.Lib\Tyuiu.BocharovaES.Sprint1.Task2.V9.Lib.csproj", "{7FAFDCFA-3A30-4F29-BC55-2EC23F67B77F}"
EndProject
Project("{FAE04EC0-301F-11D3-BF4B-00C04F79EFBC}") = "Tyuiu.BocharovaES.Sprint1.Task2.V9.Test", "Tyuiu.BocharovaES.Sprint1.Task2.V9.Test\Tyuiu.BocharovaES.Sprint1.Task2.V9.Test.csproj", "{65B83427-2051-4DF5-A4A3-C93FACB2F315}"
EndProject
Project("{2150E333-8FDC-42A3-9474-1A3956D46DE8}") = "Task3", "Task3", "{F5381F5A-15B9-4BFD-97CC-CAE4559DDF06}"
EndProject
Project("{FAE04EC0-301F-11D3-BF4B-00C04F79EFBC}") = "Tyuiu.BocharovaES.Sprint1.Task3.V14", "Tyuiu.BocharovaES.Sprint1.Task3.V14\Tyuiu.BocharovaES.Sprint1.Task3.V14.csproj", "{86ACBC67-99B1-4A48-A05C-4283B92D4542}"
EndProject
Project("{FAE04EC0-301F-11D3-BF4B-00C04F79EFBC}") = "Tyuiu.BocharovaES.Sprint1.Task3.V14.Lib", "Tyuiu.BocharovaES.Sprint1.Task3.V14.Lib\Tyuiu.BocharovaES.Sprint1.Task3.V14.Lib.csproj", "{BC8C94D5-75EC-47BE-B484-ABA02DBA529C}"
EndProject
Project("{FAE04EC0-301F-11D3-BF4B-00C04F79EFBC}") = "Tyuiu.BocharovaES.Sprint1.Task3.V14.Test", "Tyuiu.BocharovaES.Sprint1.Task3.V14.Test\Tyuiu.BocharovaES.Sprint1.Task3.V14.Test.csproj", "{1635F310-E8DA-447C-995D-08D04F63D852}"
EndProject
Global
	GlobalSection(SolutionConfigurationPlatforms) = preSolution
		Debug|Any CPU = Debug|Any CPU
		Release|Any CPU = Release|Any CPU
	EndGlobalSection
	GlobalSection(ProjectConfigurationPlatforms) = postSolution
		{52B04307-969D-496F-8DD2-6696D6031F93}.Debug|Any CPU.ActiveCfg = Debug|Any CPU
		{52B04307-969D-496F-8DD2-6696D6031F93}.Debug|Any CPU.Build.0 = Debug|Any CPU
		{52B04307-969D-496F-8DD2-6696D6031F93}.Release|Any CPU.ActiveCfg = Release|Any CPU
		{52B04307-969D-496F-8DD2-6696D6031F93}.Release|Any CPU.Build.0 = Release|Any CPU
		{26EE675E-8177-4829-8D3F-566C9EE6B2DC}.Debug|Any CPU.ActiveCfg = Debug|Any CPU
		{26EE675E-8177-4829-8D3F-566C9EE6B2DC}.Debug|Any CPU.Build.0 = Debug|Any CPU
		{26EE675E-8177-4829-8D3F-566C9EE6B2DC}.Release|Any CPU.ActiveCfg = Release|Any CPU
		{26EE675E-8177-4829-8D3F-566C9EE6B2DC}.Release|Any CPU.Build.0 = Release|Any CPU
		{C1E22499-75FE-47AB-85B3-E0268B0D3AC4}.Debug|Any CPU.ActiveCfg = Debug|Any CPU
		{C1E22499-75FE-47AB-85B3-E0268B0D3AC4}.Debug|Any CPU.Build.0 = Debug|Any CPU
		{C1E22499-75FE-47AB-85B3-E0268B0D3AC4}.Release|Any CPU.ActiveCfg = Release|Any CPU
		{C1E22499-75FE-47AB-85B3-E0268B0D3AC4}.Release|Any CPU.Build.0 = Release|Any CPU
		{5A4FE30B-9262-47D9-80DF-1AEBF09E295F}.Debug|Any CPU.ActiveCfg = Debug|Any CPU
		{5A4FE30B-9262-47D9-80DF-1AEBF09E295F}.Debug|Any CPU.Build.0 = Debug|Any CPU
		{5A4FE30B-9262-47D9-80DF-1AEBF09E295F}.Release|Any CPU.ActiveCfg = Release|Any CPU
		{5A4FE30B-9262-47D9-80DF-1AEBF09E295F}.Release|Any CPU.Build.0 = Release|Any CPU
		{0C0FC69E-1459-4D4E-80FF-F5C15C3D4156}.Debug|Any CPU.ActiveCfg = Debug|Any CPU
		{0C0FC69E-1459-4D4E-80FF-F5C15C3D4156}.Debug|Any CPU.Build.0 = Debug|Any CPU
		{0C0FC69E-1459-4D4E-80FF-F5C15C3D4156}.Release|Any CPU.ActiveCfg = Release|Any CPU
		{0C0FC69E-1459-4D4E-80FF-F5C15C3D4156}.Release|Any CPU.Build.0 = Release|Any CPU
		{EBBB3DAB-EEC5-484D-B111-60A5DB770201}.Debug|Any CPU.ActiveCfg = Debug|Any CPU
		{EBBB3DAB-EEC5-484D-B111-60A5DB770201}.Debug|Any CPU.Build.0 = Debug|Any CPU
		{EBBB3DAB-EEC5-484D-B111-60A5DB770201}.Release|Any CPU.ActiveCfg = Release|Any CPU
		{EBBB3DAB-EEC5-484D-B111-60A5DB770201}.Release|Any CPU.Build.0 = Release|Any CPU
		{DF43D390-F4BA-446D-ADAB-04A224116670}.Debug|Any CPU.ActiveCfg = Debug|Any CPU
		{DF43D390-F4BA-446D-ADAB-04A224116670}.Debug|Any CPU.Build.0 = Debug|Any CPU
		{DF43D390-F4BA-446D-ADAB-04A224116670}.Release|Any CPU.ActiveCfg = Release|Any CPU
		{DF43D390-F4BA-446D-ADAB-04A224116670}.Release|Any CPU.Build.0 = Release|Any CPU
		{7FAFDCFA-3A30-4F29-BC55-2EC23F67B77F}.Debug|Any CPU.ActiveCfg = Debug|Any CPU
		{7FAFDCFA-3A30-4F29-BC55-2EC23F67B77F}.Debug|Any CPU.Build.0 = Debug|Any CPU
		{7FAFDCFA-3A30-4F29-BC55-2EC23F67B77F}.Release|Any CPU.ActiveCfg = Release|Any CPU
		{7FAFDCFA-3A30-4F29-BC55-2EC23F67B77F}.Release|Any CPU.Build.0 = Release|Any CPU
		{65B83427-2051-4DF5-A4A3-C93FACB2F315}.Debug|Any CPU.ActiveCfg = Debug|Any CPU
		{65B83427-2051-4DF5-A4A3-C93FACB2F315}.Debug|Any CPU.Build.0 = Debug|Any CPU
		{65B83427-2051-4DF5-A4A3-C93FACB2F315}.Release|Any CPU.ActiveCfg = Release|Any CPU
		{65B83427-2051-4DF5-A4A3-C93FACB2F315}.Release|Any CPU.Build.0 = Release|Any CPU
		{86ACBC67-99B1-4A48-A05C-4283B92D4542}.Debug|Any CPU.ActiveCfg = Debug|Any CPU
		{86ACBC67-99B1-4A48-A05C-4283B92D4542}.Debug|Any CPU.Build.0 = Debug|Any CPU
		{86ACBC67-99B1-4A48-A05C-4283B92D4542}.Release|Any CPU.ActiveCfg = Release|Any CPU
		{86ACBC67-99B1-4A48-A05C-4283B92D4542}.Release|Any CPU.Build.0 = Release|Any CPU
		{BC8C94D5-75EC-47BE-B484-ABA02DBA529C}.Debug|Any CPU.ActiveCfg = Debug|Any CPU
		{BC8C94D5-75EC-47BE-B484-ABA02DBA529C}.Debug|Any CPU.Build.0 = Debug|Any CPU
		{BC8C94D5-75EC-47BE-B484-ABA02DBA529C}.Release|Any CPU.ActiveCfg = Release|Any CPU
		{BC8C94D5-75EC-47BE-B484-ABA02DBA529C}.Release|Any CPU.Build.0 = Release|Any CPU
		{1635F310-E8DA-447C-995D-08D04F63D852}.Debug|Any CPU.ActiveCfg = Debug|Any CPU
		{1635F310-E8DA-447C-995D-08D04F63D852}.Debug|Any CPU.Build.0 = Debug|Any CPU
		{1635F310-E8DA-447C-995D-08D04F63D852}.Release|Any CPU.ActiveCfg = Release|Any CPU
		{1635F310-E8DA-447C-995D-08D04F63D852}.Release|Any CPU.Build.0 = Release|Any CPU
	EndGlobalSection
	GlobalSection(SolutionProperties) = preSolution
		HideSolutionNode = FALSE
	EndGlobalSection
	GlobalSection(NestedProjects) = preSolution
		{52B04307-969D-496F-8DD2-6696D6031F93} = {02EA681E-C7D8-13C7-8484-4AC65E1B71E8}
		{26EE675E-8177-4829-8D3F-566C9EE6B2DC} = {02EA681E-C7D8-13C7-8484-4AC65E1B71E8}
		{C1E22499-75FE-47AB-85B3-E0268B0D3AC4} = {02EA681E-C7D8-13C7-8484-4AC65E1B71E8}
		{5A4FE30B-9262-47D9-80DF-1AEBF09E295F} = {35B95423-5F63-4FE4-820C-9ABD699657EC}
		{0C0FC69E-1459-4D4E-80FF-F5C15C3D4156} = {35B95423-5F63-4FE4-820C-9ABD699657EC}
		{EBBB3DAB-EEC5-484D-B111-60A5DB770201} = {35B95423-5F63-4FE4-820C-9ABD699657EC}
		{DF43D390-F4BA-446D-ADAB-04A224116670} = {83D8B7ED-4240-4996-BAF1-06C78D0F7607}
		{7FAFDCFA-3A30-4F29-BC55-2EC23F67B77F} = {83D8B7ED-4240-4996-BAF1-06C78D0F7607}
		{65B83427-2051-4DF5-A4A3-C93FACB2F315} = {83D8B7ED-4240-4996-BAF1-06C78D0F7607}
		{86ACBC67-99B1-4A48-A05C-4283B92D4542} = {F5381F5A-15B9-4BFD-97CC-CAE4559DDF06}
		{BC8C94D5-75EC-47BE-B484-ABA02DBA529C} = {F5381F5A-15B9-4BFD-97CC-CAE4559DDF06}
		{1635F310-E8DA-447C-995D-08D04F63D852} = {F5381F5A-15B9-4BFD-97CC-CAE4559DDF06}
	EndGlobalSection
	GlobalSection(ExtensibilityGlobals) = postSolution
		SolutionGuid = {B66AF169-E595-4F51-A468-688B15F7D450}
	EndGlobalSection
EndGlobal
